// !$*UTF8*$!
{
	archiveVersion = 1;
	classes = {
	};
	objectVersion = 55;
	objects = {

/* Begin PBXBuildFile section */
		2BEBBAC2292364B0009BCC69 /* AppDelegate.swift in Sources */ = {isa = PBXBuildFile; fileRef = 2BEBBAC1292364B0009BCC69 /* AppDelegate.swift */; };
		2BEBBAC4292364B0009BCC69 /* SceneDelegate.swift in Sources */ = {isa = PBXBuildFile; fileRef = 2BEBBAC3292364B0009BCC69 /* SceneDelegate.swift */; };
		2BEBBAC6292364B0009BCC69 /* ViewController.swift in Sources */ = {isa = PBXBuildFile; fileRef = 2BEBBAC5292364B0009BCC69 /* ViewController.swift */; };
		2BEBBAC9292364B0009BCC69 /* Main.storyboard in Resources */ = {isa = PBXBuildFile; fileRef = 2BEBBAC7292364B0009BCC69 /* Main.storyboard */; };
		2BEBBACB292364B1009BCC69 /* Assets.xcassets in Resources */ = {isa = PBXBuildFile; fileRef = 2BEBBACA292364B1009BCC69 /* Assets.xcassets */; };
		2BEBBACE292364B1009BCC69 /* LaunchScreen.storyboard in Resources */ = {isa = PBXBuildFile; fileRef = 2BEBBACC292364B1009BCC69 /* LaunchScreen.storyboard */; };
		CB12B6D0ECCCECD4E7116531 /* Pods_RxPlayground.framework in Frameworks */ = {isa = PBXBuildFile; fileRef = 7C2198224E5E01FDEA68BEE5 /* Pods_RxPlayground.framework */; };
/* End PBXBuildFile section */

/* Begin PBXFileReference section */
		2BEBBABE292364B0009BCC69 /* RxPlayground.app */ = {isa = PBXFileReference; explicitFileType = wrapper.application; includeInIndex = 0; path = RxPlayground.app; sourceTree = BUILT_PRODUCTS_DIR; };
		2BEBBAC1292364B0009BCC69 /* AppDelegate.swift */ = {isa = PBXFileReference; lastKnownFileType = sourcecode.swift; path = AppDelegate.swift; sourceTree = "<group>"; };
		2BEBBAC3292364B0009BCC69 /* SceneDelegate.swift */ = {isa = PBXFileReference; lastKnownFileType = sourcecode.swift; path = SceneDelegate.swift; sourceTree = "<group>"; };
		2BEBBAC5292364B0009BCC69 /* ViewController.swift */ = {isa = PBXFileReference; lastKnownFileType = sourcecode.swift; path = ViewController.swift; sourceTree = "<group>"; };
		2BEBBAC8292364B0009BCC69 /* Base */ = {isa = PBXFileReference; lastKnownFileType = file.storyboard; name = Base; path = Base.lproj/Main.storyboard; sourceTree = "<group>"; };
		2BEBBACA292364B1009BCC69 /* Assets.xcassets */ = {isa = PBXFileReference; lastKnownFileType = folder.assetcatalog; path = Assets.xcassets; sourceTree = "<group>"; };
		2BEBBACD292364B1009BCC69 /* Base */ = {isa = PBXFileReference; lastKnownFileType = file.storyboard; name = Base; path = Base.lproj/LaunchScreen.storyboard; sourceTree = "<group>"; };
		2BEBBACF292364B1009BCC69 /* Info.plist */ = {isa = PBXFileReference; lastKnownFileType = text.plist.xml; path = Info.plist; sourceTree = "<group>"; };
		2BEBBAD629236B1D009BCC69 /* Observables.playground */ = {isa = PBXFileReference; lastKnownFileType = file.playground; path = Observables.playground; sourceTree = "<group>"; xcLanguageSpecificationIdentifier = xcode.lang.swift; };
		2BEBBAD829238CDF009BCC69 /* Subject.playground */ = {isa = PBXFileReference; lastKnownFileType = file.playground; path = Subject.playground; sourceTree = "<group>"; xcLanguageSpecificationIdentifier = xcode.lang.swift; };
		3AB359E062A3840865702852 /* Pods-RxPlayground.release.xcconfig */ = {isa = PBXFileReference; includeInIndex = 1; lastKnownFileType = text.xcconfig; name = "Pods-RxPlayground.release.xcconfig"; path = "Target Support Files/Pods-RxPlayground/Pods-RxPlayground.release.xcconfig"; sourceTree = "<group>"; };
		3D896A474EA8906C1B854EC5 /* Pods-RxPlayground.debug.xcconfig */ = {isa = PBXFileReference; includeInIndex = 1; lastKnownFileType = text.xcconfig; name = "Pods-RxPlayground.debug.xcconfig"; path = "Target Support Files/Pods-RxPlayground/Pods-RxPlayground.debug.xcconfig"; sourceTree = "<group>"; };
		7C2198224E5E01FDEA68BEE5 /* Pods_RxPlayground.framework */ = {isa = PBXFileReference; explicitFileType = wrapper.framework; includeInIndex = 0; path = Pods_RxPlayground.framework; sourceTree = BUILT_PRODUCTS_DIR; };
/* End PBXFileReference section */

/* Begin PBXFrameworksBuildPhase section */
		2BEBBABB292364B0009BCC69 /* Frameworks */ = {
			isa = PBXFrameworksBuildPhase;
			buildActionMask = 2147483647;
			files = (
				CB12B6D0ECCCECD4E7116531 /* Pods_RxPlayground.framework in Frameworks */,
			);
			runOnlyForDeploymentPostprocessing = 0;
		};
/* End PBXFrameworksBuildPhase section */

/* Begin PBXGroup section */
		2BEBBAB5292364B0009BCC69 = {
			isa = PBXGroup;
			children = (
				2BEBBAC0292364B0009BCC69 /* RxPlayground */,
				2BEBBABF292364B0009BCC69 /* Products */,
				3533902A617EB6E7AD9AA264 /* Pods */,
				77B9EEC24724390A71AB4289 /* Frameworks */,
			);
			sourceTree = "<group>";
		};
		2BEBBABF292364B0009BCC69 /* Products */ = {
			isa = PBXGroup;
			children = (
				2BEBBABE292364B0009BCC69 /* RxPlayground.app */,
			);
			name = Products;
			sourceTree = "<group>";
		};
		2BEBBAC0292364B0009BCC69 /* RxPlayground */ = {
			isa = PBXGroup;
			children = (
				2BEBBAC1292364B0009BCC69 /* AppDelegate.swift */,
				2BEBBAC3292364B0009BCC69 /* SceneDelegate.swift */,
				2BEBBAC5292364B0009BCC69 /* ViewController.swift */,
				2BEBBAC7292364B0009BCC69 /* Main.storyboard */,
				2BEBBACA292364B1009BCC69 /* Assets.xcassets */,
				2BEBBACC292364B1009BCC69 /* LaunchScreen.storyboard */,
				2BEBBACF292364B1009BCC69 /* Info.plist */,
				2BEBBAD629236B1D009BCC69 /* Observables.playground */,
				2BEBBAD829238CDF009BCC69 /* Subject.playground */,
			);
			path = RxPlayground;
			sourceTree = "<group>";
		};
		3533902A617EB6E7AD9AA264 /* Pods */ = {
			isa = PBXGroup;
			children = (
				3D896A474EA8906C1B854EC5 /* Pods-RxPlayground.debug.xcconfig */,
				3AB359E062A3840865702852 /* Pods-RxPlayground.release.xcconfig */,
			);
			path = Pods;
			sourceTree = "<group>";
		};
		77B9EEC24724390A71AB4289 /* Frameworks */ = {
			isa = PBXGroup;
			children = (
				7C2198224E5E01FDEA68BEE5 /* Pods_RxPlayground.framework */,
			);
			name = Frameworks;
			sourceTree = "<group>";
		};
/* End PBXGroup section */

/* Begin PBXNativeTarget section */
		2BEBBABD292364B0009BCC69 /* RxPlayground */ = {
			isa = PBXNativeTarget;
			buildConfigurationList = 2BEBBAD2292364B1009BCC69 /* Build configuration list for PBXNativeTarget "RxPlayground" */;
			buildPhases = (
				1165BDD8800D1B4F75B675B1 /* [CP] Check Pods Manifest.lock */,
				2BEBBABA292364B0009BCC69 /* Sources */,
				2BEBBABB292364B0009BCC69 /* Frameworks */,
				2BEBBABC292364B0009BCC69 /* Resources */,
				FE705FC531ADB716A116A48E /* [CP] Embed Pods Frameworks */,
			);
			buildRules = (
			);
			dependencies = (
			);
			name = RxPlayground;
			productName = RxPlayground;
			productReference = 2BEBBABE292364B0009BCC69 /* RxPlayground.app */;
			productType = "com.apple.product-type.application";
		};
/* End PBXNativeTarget section */

/* Begin PBXProject section */
		2BEBBAB6292364B0009BCC69 /* Project object */ = {
			isa = PBXProject;
			attributes = {
				BuildIndependentTargetsInParallel = 1;
				LastSwiftUpdateCheck = 1410;
				LastUpgradeCheck = 1410;
				TargetAttributes = {
					2BEBBABD292364B0009BCC69 = {
						CreatedOnToolsVersion = 14.1;
					};
				};
			};
			buildConfigurationList = 2BEBBAB9292364B0009BCC69 /* Build configuration list for PBXProject "RxPlayground" */;
			compatibilityVersion = "Xcode 13.0";
			developmentRegion = en;
			hasScannedForEncodings = 0;
			knownRegions = (
				en,
				Base,
			);
			mainGroup = 2BEBBAB5292364B0009BCC69;
			productRefGroup = 2BEBBABF292364B0009BCC69 /* Products */;
			projectDirPath = "";
			projectRoot = "";
			targets = (
				2BEBBABD292364B0009BCC69 /* RxPlayground */,
			);
		};
/* End PBXProject section */

/* Begin PBXResourcesBuildPhase section */
		2BEBBABC292364B0009BCC69 /* Resources */ = {
			isa = PBXResourcesBuildPhase;
			buildActionMask = 2147483647;
			files = (
				2BEBBACE292364B1009BCC69 /* LaunchScreen.storyboard in Resources */,
				2BEBBACB292364B1009BCC69 /* Assets.xcassets in Resources */,
				2BEBBAC9292364B0009BCC69 /* Main.storyboard in Resources */,
			);
			runOnlyForDeploymentPostprocessing = 0;
		};
/* End PBXResourcesBuildPhase section */

/* Begin PBXShellScriptBuildPhase section */
		1165BDD8800D1B4F75B675B1 /* [CP] Check Pods Manifest.lock */ = {
			isa = PBXShellScriptBuildPhase;
			buildActionMask = 2147483647;
			files = (
			);
			inputFileListPaths = (
			);
			inputPaths = (
				"${PODS_PODFILE_DIR_PATH}/Podfile.lock",
				"${PODS_ROOT}/Manifest.lock",
			);
			name = "[CP] Check Pods Manifest.lock";
			outputFileListPaths = (
			);
			outputPaths = (
				"$(DERIVED_FILE_DIR)/Pods-RxPlayground-checkManifestLockResult.txt",
			);
			runOnlyForDeploymentPostprocessing = 0;
			shellPath = /bin/sh;
			shellScript = "diff \"${PODS_PODFILE_DIR_PATH}/Podfile.lock\" \"${PODS_ROOT}/Manifest.lock\" > /dev/null\nif [ $? != 0 ] ; then\n    # print error to STDERR\n    echo \"error: The sandbox is not in sync with the Podfile.lock. Run 'pod install' or update your CocoaPods installation.\" >&2\n    exit 1\nfi\n# This output is used by Xcode 'outputs' to avoid re-running this script phase.\necho \"SUCCESS\" > \"${SCRIPT_OUTPUT_FILE_0}\"\n";
			showEnvVarsInLog = 0;
		};
		FE705FC531ADB716A116A48E /* [CP] Embed Pods Frameworks */ = {
			isa = PBXShellScriptBuildPhase;
			buildActionMask = 2147483647;
			files = (
			);
			inputFileListPaths = (
				"${PODS_ROOT}/Target Support Files/Pods-RxPlayground/Pods-RxPlayground-frameworks-${CONFIGURATION}-input-files.xcfilelist",
			);
			name = "[CP] Embed Pods Frameworks";
			outputFileListPaths = (
				"${PODS_ROOT}/Target Support Files/Pods-RxPlayground/Pods-RxPlayground-frameworks-${CONFIGURATION}-output-files.xcfilelist",
			);
			runOnlyForDeploymentPostprocessing = 0;
			shellPath = /bin/sh;
			shellScript = "\"${PODS_ROOT}/Target Support Files/Pods-RxPlayground/Pods-RxPlayground-frameworks.sh\"\n";
			showEnvVarsInLog = 0;
		};
/* End PBXShellScriptBuildPhase section */

/* Begin PBXSourcesBuildPhase section */
		2BEBBABA292364B0009BCC69 /* Sources */ = {
			isa = PBXSourcesBuildPhase;
			buildActionMask = 2147483647;
			files = (
				2BEBBAC6292364B0009BCC69 /* ViewController.swift in Sources */,
				2BEBBAC2292364B0009BCC69 /* AppDelegate.swift in Sources */,
				2BEBBAC4292364B0009BCC69 /* SceneDelegate.swift in Sources */,
			);
			runOnlyForDeploymentPostprocessing = 0;
		};
/* End PBXSourcesBuildPhase section */

/* Begin PBXVariantGroup section */
		2BEBBAC7292364B0009BCC69 /* Main.storyboard */ = {
			isa = PBXVariantGroup;
			children = (
				2BEBBAC8292364B0009BCC69 /* Base */,
			);
			name = Main.storyboard;
			sourceTree = "<group>";
		};
		2BEBBACC292364B1009BCC69 /* LaunchScreen.storyboard */ = {
			isa = PBXVariantGroup;
			children = (
				2BEBBACD292364B1009BCC69 /* Base */,
			);
			name = LaunchScreen.storyboard;
			sourceTree = "<group>";
		};
/* End PBXVariantGroup section */

/* Begin XCBuildConfiguration section */
		2BEBBAD0292364B1009BCC69 /* Debug */ = {
			isa = XCBuildConfiguration;
			buildSettings = {
				ALWAYS_SEARCH_USER_PATHS = NO;
				CLANG_ANALYZER_NONNULL = YES;
				CLANG_ANALYZER_NUMBER_OBJECT_CONVERSION = YES_AGGRESSIVE;
				CLANG_CXX_LANGUAGE_STANDARD = "gnu++20";
				CLANG_ENABLE_MODULES = YES;
				CLANG_ENABLE_OBJC_ARC = YES;
				CLANG_ENABLE_OBJC_WEAK = YES;
				CLANG_WARN_BLOCK_CAPTURE_AUTORELEASING = YES;
				CLANG_WARN_BOOL_CONVERSION = YES;
				CLANG_WARN_COMMA = YES;
				CLANG_WARN_CONSTANT_CONVERSION = YES;
				CLANG_WARN_DEPRECATED_OBJC_IMPLEMENTATIONS = YES;
				CLANG_WARN_DIRECT_OBJC_ISA_USAGE = YES_ERROR;
				CLANG_WARN_DOCUMENTATION_COMMENTS = YES;
				CLANG_WARN_EMPTY_BODY = YES;
				CLANG_WARN_ENUM_CONVERSION = YES;
				CLANG_WARN_INFINITE_RECURSION = YES;
				CLANG_WARN_INT_CONVERSION = YES;
				CLANG_WARN_NON_LITERAL_NULL_CONVERSION = YES;
				CLANG_WARN_OBJC_IMPLICIT_RETAIN_SELF = YES;
				CLANG_WARN_OBJC_LITERAL_CONVERSION = YES;
				CLANG_WARN_OBJC_ROOT_CLASS = YES_ERROR;
				CLANG_WARN_QUOTED_INCLUDE_IN_FRAMEWORK_HEADER = YES;
				CLANG_WARN_RANGE_LOOP_ANALYSIS = YES;
				CLANG_WARN_STRICT_PROTOTYPES = YES;
				CLANG_WARN_SUSPICIOUS_MOVE = YES;
				CLANG_WARN_UNGUARDED_AVAILABILITY = YES_AGGRESSIVE;
				CLANG_WARN_UNREACHABLE_CODE = YES;
				CLANG_WARN__DUPLICATE_METHOD_MATCH = YES;
				COPY_PHASE_STRIP = NO;
				DEBUG_INFORMATION_FORMAT = dwarf;
				ENABLE_STRICT_OBJC_MSGSEND = YES;
				ENABLE_TESTABILITY = YES;
				GCC_C_LANGUAGE_STANDARD = gnu11;
				GCC_DYNAMIC_NO_PIC = NO;
				GCC_NO_COMMON_BLOCKS = YES;
				GCC_OPTIMIZATION_LEVEL = 0;
				GCC_PREPROCESSOR_DEFINITIONS = (
					"DEBUG=1",
					"$(inherited)",
				);
				GCC_WARN_64_TO_32_BIT_CONVERSION = YES;
				GCC_WARN_ABOUT_RETURN_TYPE = YES_ERROR;
				GCC_WARN_UNDECLARED_SELECTOR = YES;
				GCC_WARN_UNINITIALIZED_AUTOS = YES_AGGRESSIVE;
				GCC_WARN_UNUSED_FUNCTION = YES;
				GCC_WARN_UNUSED_VARIABLE = YES;
				IPHONEOS_DEPLOYMENT_TARGET = 16.1;
				MTL_ENABLE_DEBUG_INFO = INCLUDE_SOURCE;
				MTL_FAST_MATH = YES;
				ONLY_ACTIVE_ARCH = YES;
				SDKROOT = iphoneos;
				SWIFT_ACTIVE_COMPILATION_CONDITIONS = DEBUG;
				SWIFT_OPTIMIZATION_LEVEL = "-Onone";
			};
			name = Debug;
		};
		2BEBBAD1292364B1009BCC69 /* Release */ = {
			isa = XCBuildConfiguration;
			buildSettings = {
				ALWAYS_SEARCH_USER_PATHS = NO;
				CLANG_ANALYZER_NONNULL = YES;
				CLANG_ANALYZER_NUMBER_OBJECT_CONVERSION = YES_AGGRESSIVE;
				CLANG_CXX_LANGUAGE_STANDARD = "gnu++20";
				CLANG_ENABLE_MODULES = YES;
				CLANG_ENABLE_OBJC_ARC = YES;
				CLANG_ENABLE_OBJC_WEAK = YES;
				CLANG_WARN_BLOCK_CAPTURE_AUTORELEASING = YES;
				CLANG_WARN_BOOL_CONVERSION = YES;
				CLANG_WARN_COMMA = YES;
				CLANG_WARN_CONSTANT_CONVERSION = YES;
				CLANG_WARN_DEPRECATED_OBJC_IMPLEMENTATIONS = YES;
				CLANG_WARN_DIRECT_OBJC_ISA_USAGE = YES_ERROR;
				CLANG_WARN_DOCUMENTATION_COMMENTS = YES;
				CLANG_WARN_EMPTY_BODY = YES;
				CLANG_WARN_ENUM_CONVERSION = YES;
				CLANG_WARN_INFINITE_RECURSION = YES;
				CLANG_WARN_INT_CONVERSION = YES;
				CLANG_WARN_NON_LITERAL_NULL_CONVERSION = YES;
				CLANG_WARN_OBJC_IMPLICIT_RETAIN_SELF = YES;
				CLANG_WARN_OBJC_LITERAL_CONVERSION = YES;
				CLANG_WARN_OBJC_ROOT_CLASS = YES_ERROR;
				CLANG_WARN_QUOTED_INCLUDE_IN_FRAMEWORK_HEADER = YES;
				CLANG_WARN_RANGE_LOOP_ANALYSIS = YES;
				CLANG_WARN_STRICT_PROTOTYPES = YES;
				CLANG_WARN_SUSPICIOUS_MOVE = YES;
				CLANG_WARN_UNGUARDED_AVAILABILITY = YES_AGGRESSIVE;
				CLANG_WARN_UNREACHABLE_CODE = YES;
				CLANG_WARN__DUPLICATE_METHOD_MATCH = YES;
				COPY_PHASE_STRIP = NO;
				DEBUG_INFORMATION_FORMAT = "dwarf-with-dsym";
				ENABLE_NS_ASSERTIONS = NO;
				ENABLE_STRICT_OBJC_MSGSEND = YES;
				GCC_C_LANGUAGE_STANDARD = gnu11;
				GCC_NO_COMMON_BLOCKS = YES;
				GCC_WARN_64_TO_32_BIT_CONVERSION = YES;
				GCC_WARN_ABOUT_RETURN_TYPE = YES_ERROR;
				GCC_WARN_UNDECLARED_SELECTOR = YES;
				GCC_WARN_UNINITIALIZED_AUTOS = YES_AGGRESSIVE;
				GCC_WARN_UNUSED_FUNCTION = YES;
				GCC_WARN_UNUSED_VARIABLE = YES;
				IPHONEOS_DEPLOYMENT_TARGET = 16.1;
				MTL_ENABLE_DEBUG_INFO = NO;
				MTL_FAST_MATH = YES;
				SDKROOT = iphoneos;
				SWIFT_COMPILATION_MODE = wholemodule;
				SWIFT_OPTIMIZATION_LEVEL = "-O";
				VALIDATE_PRODUCT = YES;
			};
			name = Release;
		};
		2BEBBAD3292364B1009BCC69 /* Debug */ = {
			isa = XCBuildConfiguration;
			baseConfigurationReference = 3D896A474EA8906C1B854EC5 /* Pods-RxPlayground.debug.xcconfig */;
			buildSettings = {
				ASSETCATALOG_COMPILER_APPICON_NAME = AppIcon;
				ASSETCATALOG_COMPILER_GLOBAL_ACCENT_COLOR_NAME = AccentColor;
				CODE_SIGN_STYLE = Automatic;
				CURRENT_PROJECT_VERSION = 1;
				DEVELOPMENT_TEAM = 6L372B2RJ6;
				GENERATE_INFOPLIST_FILE = YES;
				INFOPLIST_FILE = RxPlayground/Info.plist;
				INFOPLIST_KEY_UIApplicationSupportsIndirectInputEvents = YES;
				INFOPLIST_KEY_UILaunchStoryboardName = LaunchScreen;
				INFOPLIST_KEY_UIMainStoryboardFile = Main;
				INFOPLIST_KEY_UISupportedInterfaceOrientations_iPad = "UIInterfaceOrientationPortrait UIInterfaceOrientationPortraitUpsideDown UIInterfaceOrientationLandscapeLeft UIInterfaceOrientationLandscapeRight";
				INFOPLIST_KEY_UISupportedInterfaceOrientations_iPhone = "UIInterfaceOrientationPortrait UIInterfaceOrientationLandscapeLeft UIInterfaceOrientationLandscapeRight";
				LD_RUNPATH_SEARCH_PATHS = (
					"$(inherited)",
					"@executable_path/Frameworks",
				);
				MARKETING_VERSION = 1.0;
				PRODUCT_BUNDLE_IDENTIFIER = subin.RxPlayground;
				PRODUCT_NAME = "$(TARGET_NAME)";
				SWIFT_EMIT_LOC_STRINGS = YES;
				SWIFT_VERSION = 5.0;
				TARGETED_DEVICE_FAMILY = "1,2";
			};
			name = Debug;
		};
		2BEBBAD4292364B1009BCC69 /* Release */ = {
			isa = XCBuildConfiguration;
			baseConfigurationReference = 3AB359E062A3840865702852 /* Pods-RxPlayground.release.xcconfig */;
			buildSettings = {
				ASSETCATALOG_COMPILER_APPICON_NAME = AppIcon;
				ASSETCATALOG_COMPILER_GLOBAL_ACCENT_COLOR_NAME = AccentColor;
				CODE_SIGN_STYLE = Automatic;
				CURRENT_PROJECT_VERSION = 1;
				DEVELOPMENT_TEAM = 6L372B2RJ6;
				GENERATE_INFOPLIST_FILE = YES;
				INFOPLIST_FILE = RxPlayground/Info.plist;
				INFOPLIST_KEY_UIApplicationSupportsIndirectInputEvents = YES;
				INFOPLIST_KEY_UILaunchStoryboardName = LaunchScreen;
				INFOPLIST_KEY_UIMainStoryboardFile = Main;
				INFOPLIST_KEY_UISupportedInterfaceOrientations_iPad = "UIInterfaceOrientationPortrait UIInterfaceOrientationPortraitUpsideDown UIInterfaceOrientationLandscapeLeft UIInterfaceOrientationLandscapeRight";
				INFOPLIST_KEY_UISupportedInterfaceOrientations_iPhone = "UIInterfaceOrientationPortrait UIInterfaceOrientationLandscapeLeft UIInterfaceOrientationLandscapeRight";
				LD_RUNPATH_SEARCH_PATHS = (
					"$(inherited)",
					"@executable_path/Frameworks",
				);
				MARKETING_VERSION = 1.0;
				PRODUCT_BUNDLE_IDENTIFIER = subin.RxPlayground;
				PRODUCT_NAME = "$(TARGET_NAME)";
				SWIFT_EMIT_LOC_STRINGS = YES;
				SWIFT_VERSION = 5.0;
				TARGETED_DEVICE_FAMILY = "1,2";
			};
			name = Release;
		};
/* End XCBuildConfiguration section */

/* Begin XCConfigurationList section */
		2BEBBAB9292364B0009BCC69 /* Build configuration list for PBXProject "RxPlayground" */ = {
			isa = XCConfigurationList;
			buildConfigurations = (
				2BEBBAD0292364B1009BCC69 /* Debug */,
				2BEBBAD1292364B1009BCC69 /* Release */,
			);
			defaultConfigurationIsVisible = 0;
			defaultConfigurationName = Release;
		};
		2BEBBAD2292364B1009BCC69 /* Build configuration list for PBXNativeTarget "RxPlayground" */ = {
			isa = XCConfigurationList;
			buildConfigurations = (
				2BEBBAD3292364B1009BCC69 /* Debug */,
				2BEBBAD4292364B1009BCC69 /* Release */,
			);
			defaultConfigurationIsVisible = 0;
			defaultConfigurationName = Release;
		};
/* End XCConfigurationList section */
	};
	rootObject = 2BEBBAB6292364B0009BCC69 /* Project object */;
}
