// !$*UTF8*$!
{
	archiveVersion = 1;
	classes = {
	};
	objectVersion = 55;
	objects = {

/* Begin PBXBuildFile section */
		2B15DCC4274E000B00CDB4A0 /* AppDelegate.swift in Sources */ = {isa = PBXBuildFile; fileRef = 2B15DCC3274E000B00CDB4A0 /* AppDelegate.swift */; };
		2B15DCC6274E000B00CDB4A0 /* SceneDelegate.swift in Sources */ = {isa = PBXBuildFile; fileRef = 2B15DCC5274E000B00CDB4A0 /* SceneDelegate.swift */; };
		2B15DCCB274E000B00CDB4A0 /* Main.storyboard in Resources */ = {isa = PBXBuildFile; fileRef = 2B15DCC9274E000B00CDB4A0 /* Main.storyboard */; };
		2B15DCCD274E000C00CDB4A0 /* Assets.xcassets in Resources */ = {isa = PBXBuildFile; fileRef = 2B15DCCC274E000C00CDB4A0 /* Assets.xcassets */; };
		2B15DCD0274E000C00CDB4A0 /* LaunchScreen.storyboard in Resources */ = {isa = PBXBuildFile; fileRef = 2B15DCCE274E000C00CDB4A0 /* LaunchScreen.storyboard */; };
		2B15DCDD274E017A00CDB4A0 /* MainVC.swift in Sources */ = {isa = PBXBuildFile; fileRef = 2B15DCDC274E017A00CDB4A0 /* MainVC.swift */; };
		2B15DCE0274E066000CDB4A0 /* MainCVC.swift in Sources */ = {isa = PBXBuildFile; fileRef = 2B15DCDF274E066000CDB4A0 /* MainCVC.swift */; };
		2B15DCE2274EAD8F00CDB4A0 /* PresentVC.swift in Sources */ = {isa = PBXBuildFile; fileRef = 2B15DCE1274EAD8F00CDB4A0 /* PresentVC.swift */; };
		64DBE4F9360DDE573B736E75 /* Pods_Rx_CollectionView.framework in Frameworks */ = {isa = PBXBuildFile; fileRef = 20D038463D839DBF7BC23D43 /* Pods_Rx_CollectionView.framework */; };
/* End PBXBuildFile section */

/* Begin PBXFileReference section */
		20D038463D839DBF7BC23D43 /* Pods_Rx_CollectionView.framework */ = {isa = PBXFileReference; explicitFileType = wrapper.framework; includeInIndex = 0; path = Pods_Rx_CollectionView.framework; sourceTree = BUILT_PRODUCTS_DIR; };
		2B15DCC0274E000B00CDB4A0 /* Rx-CollectionView.app */ = {isa = PBXFileReference; explicitFileType = wrapper.application; includeInIndex = 0; path = "Rx-CollectionView.app"; sourceTree = BUILT_PRODUCTS_DIR; };
		2B15DCC3274E000B00CDB4A0 /* AppDelegate.swift */ = {isa = PBXFileReference; lastKnownFileType = sourcecode.swift; path = AppDelegate.swift; sourceTree = "<group>"; };
		2B15DCC5274E000B00CDB4A0 /* SceneDelegate.swift */ = {isa = PBXFileReference; lastKnownFileType = sourcecode.swift; path = SceneDelegate.swift; sourceTree = "<group>"; };
		2B15DCCA274E000B00CDB4A0 /* Base */ = {isa = PBXFileReference; lastKnownFileType = file.storyboard; name = Base; path = Base.lproj/Main.storyboard; sourceTree = "<group>"; };
		2B15DCCC274E000C00CDB4A0 /* Assets.xcassets */ = {isa = PBXFileReference; lastKnownFileType = folder.assetcatalog; path = Assets.xcassets; sourceTree = "<group>"; };
		2B15DCCF274E000C00CDB4A0 /* Base */ = {isa = PBXFileReference; lastKnownFileType = file.storyboard; name = Base; path = Base.lproj/LaunchScreen.storyboard; sourceTree = "<group>"; };
		2B15DCD1274E000C00CDB4A0 /* Info.plist */ = {isa = PBXFileReference; lastKnownFileType = text.plist.xml; path = Info.plist; sourceTree = "<group>"; };
		2B15DCDC274E017A00CDB4A0 /* MainVC.swift */ = {isa = PBXFileReference; lastKnownFileType = sourcecode.swift; path = MainVC.swift; sourceTree = "<group>"; };
		2B15DCDF274E066000CDB4A0 /* MainCVC.swift */ = {isa = PBXFileReference; lastKnownFileType = sourcecode.swift; path = MainCVC.swift; sourceTree = "<group>"; };
		2B15DCE1274EAD8F00CDB4A0 /* PresentVC.swift */ = {isa = PBXFileReference; lastKnownFileType = sourcecode.swift; path = PresentVC.swift; sourceTree = "<group>"; };
		7C679ADFAE3A61B3977135E0 /* Pods-Rx-CollectionView.release.xcconfig */ = {isa = PBXFileReference; includeInIndex = 1; lastKnownFileType = text.xcconfig; name = "Pods-Rx-CollectionView.release.xcconfig"; path = "Target Support Files/Pods-Rx-CollectionView/Pods-Rx-CollectionView.release.xcconfig"; sourceTree = "<group>"; };
		B092F21493E050CF638D4DF3 /* Pods-Rx-CollectionView.debug.xcconfig */ = {isa = PBXFileReference; includeInIndex = 1; lastKnownFileType = text.xcconfig; name = "Pods-Rx-CollectionView.debug.xcconfig"; path = "Target Support Files/Pods-Rx-CollectionView/Pods-Rx-CollectionView.debug.xcconfig"; sourceTree = "<group>"; };
/* End PBXFileReference section */

/* Begin PBXFrameworksBuildPhase section */
		2B15DCBD274E000B00CDB4A0 /* Frameworks */ = {
			isa = PBXFrameworksBuildPhase;
			buildActionMask = 2147483647;
			files = (
				64DBE4F9360DDE573B736E75 /* Pods_Rx_CollectionView.framework in Frameworks */,
			);
			runOnlyForDeploymentPostprocessing = 0;
		};
/* End PBXFrameworksBuildPhase section */

/* Begin PBXGroup section */
		2B15DCB7274E000B00CDB4A0 = {
			isa = PBXGroup;
			children = (
				2B15DCC2274E000B00CDB4A0 /* Rx-CollectionView */,
				2B15DCC1274E000B00CDB4A0 /* Products */,
				F3589F71E2258D1E76AF0D02 /* Pods */,
				A4DBE34CF378F21331F87E6B /* Frameworks */,
			);
			sourceTree = "<group>";
		};
		2B15DCC1274E000B00CDB4A0 /* Products */ = {
			isa = PBXGroup;
			children = (
				2B15DCC0274E000B00CDB4A0 /* Rx-CollectionView.app */,
			);
			name = Products;
			sourceTree = "<group>";
		};
		2B15DCC2274E000B00CDB4A0 /* Rx-CollectionView */ = {
			isa = PBXGroup;
			children = (
				2B15DCD8274E002100CDB4A0 /* Source */,
				2B15DCD7274E001500CDB4A0 /* Resource */,
			);
			path = "Rx-CollectionView";
			sourceTree = "<group>";
		};
		2B15DCD7274E001500CDB4A0 /* Resource */ = {
			isa = PBXGroup;
			children = (
				2B15DCDB274E003B00CDB4A0 /* Storyboards */,
				2B15DCCC274E000C00CDB4A0 /* Assets.xcassets */,
				2B15DCD1274E000C00CDB4A0 /* Info.plist */,
			);
			path = Resource;
			sourceTree = "<group>";
		};
		2B15DCD8274E002100CDB4A0 /* Source */ = {
			isa = PBXGroup;
			children = (
				2B15DCDE274E063200CDB4A0 /* Cell */,
				2B15DCDA274E002F00CDB4A0 /* ViewController */,
				2B15DCD9274E002700CDB4A0 /* Supports */,
			);
			path = Source;
			sourceTree = "<group>";
		};
		2B15DCD9274E002700CDB4A0 /* Supports */ = {
			isa = PBXGroup;
			children = (
				2B15DCC3274E000B00CDB4A0 /* AppDelegate.swift */,
				2B15DCC5274E000B00CDB4A0 /* SceneDelegate.swift */,
			);
			path = Supports;
			sourceTree = "<group>";
		};
		2B15DCDA274E002F00CDB4A0 /* ViewController */ = {
			isa = PBXGroup;
			children = (
				2B15DCDC274E017A00CDB4A0 /* MainVC.swift */,
				2B15DCE1274EAD8F00CDB4A0 /* PresentVC.swift */,
			);
			path = ViewController;
			sourceTree = "<group>";
		};
		2B15DCDB274E003B00CDB4A0 /* Storyboards */ = {
			isa = PBXGroup;
			children = (
				2B15DCC9274E000B00CDB4A0 /* Main.storyboard */,
				2B15DCCE274E000C00CDB4A0 /* LaunchScreen.storyboard */,
			);
			path = Storyboards;
			sourceTree = "<group>";
		};
		2B15DCDE274E063200CDB4A0 /* Cell */ = {
			isa = PBXGroup;
			children = (
				2B15DCDF274E066000CDB4A0 /* MainCVC.swift */,
			);
			path = Cell;
			sourceTree = "<group>";
		};
		A4DBE34CF378F21331F87E6B /* Frameworks */ = {
			isa = PBXGroup;
			children = (
				20D038463D839DBF7BC23D43 /* Pods_Rx_CollectionView.framework */,
			);
			name = Frameworks;
			sourceTree = "<group>";
		};
		F3589F71E2258D1E76AF0D02 /* Pods */ = {
			isa = PBXGroup;
			children = (
				B092F21493E050CF638D4DF3 /* Pods-Rx-CollectionView.debug.xcconfig */,
				7C679ADFAE3A61B3977135E0 /* Pods-Rx-CollectionView.release.xcconfig */,
			);
			path = Pods;
			sourceTree = "<group>";
		};
/* End PBXGroup section */

/* Begin PBXNativeTarget section */
		2B15DCBF274E000B00CDB4A0 /* Rx-CollectionView */ = {
			isa = PBXNativeTarget;
			buildConfigurationList = 2B15DCD4274E000C00CDB4A0 /* Build configuration list for PBXNativeTarget "Rx-CollectionView" */;
			buildPhases = (
				4A1FC21FFE1CC2E3CF7AB064 /* [CP] Check Pods Manifest.lock */,
				2B15DCBC274E000B00CDB4A0 /* Sources */,
				2B15DCBD274E000B00CDB4A0 /* Frameworks */,
				2B15DCBE274E000B00CDB4A0 /* Resources */,
				A827C3764F66AFDED491E6CC /* [CP] Embed Pods Frameworks */,
			);
			buildRules = (
			);
			dependencies = (
			);
			name = "Rx-CollectionView";
			productName = "Rx-CollectionView";
			productReference = 2B15DCC0274E000B00CDB4A0 /* Rx-CollectionView.app */;
			productType = "com.apple.product-type.application";
		};
/* End PBXNativeTarget section */

/* Begin PBXProject section */
		2B15DCB8274E000B00CDB4A0 /* Project object */ = {
			isa = PBXProject;
			attributes = {
				BuildIndependentTargetsInParallel = 1;
				LastSwiftUpdateCheck = 1300;
				LastUpgradeCheck = 1300;
				TargetAttributes = {
					2B15DCBF274E000B00CDB4A0 = {
						CreatedOnToolsVersion = 13.0;
					};
				};
			};
			buildConfigurationList = 2B15DCBB274E000B00CDB4A0 /* Build configuration list for PBXProject "Rx-CollectionView" */;
			compatibilityVersion = "Xcode 13.0";
			developmentRegion = en;
			hasScannedForEncodings = 0;
			knownRegions = (
				en,
				Base,
			);
			mainGroup = 2B15DCB7274E000B00CDB4A0;
			productRefGroup = 2B15DCC1274E000B00CDB4A0 /* Products */;
			projectDirPath = "";
			projectRoot = "";
			targets = (
				2B15DCBF274E000B00CDB4A0 /* Rx-CollectionView */,
			);
		};
/* End PBXProject section */

/* Begin PBXResourcesBuildPhase section */
		2B15DCBE274E000B00CDB4A0 /* Resources */ = {
			isa = PBXResourcesBuildPhase;
			buildActionMask = 2147483647;
			files = (
				2B15DCD0274E000C00CDB4A0 /* LaunchScreen.storyboard in Resources */,
				2B15DCCD274E000C00CDB4A0 /* Assets.xcassets in Resources */,
				2B15DCCB274E000B00CDB4A0 /* Main.storyboard in Resources */,
			);
			runOnlyForDeploymentPostprocessing = 0;
		};
/* End PBXResourcesBuildPhase section */

/* Begin PBXShellScriptBuildPhase section */
		4A1FC21FFE1CC2E3CF7AB064 /* [CP] Check Pods Manifest.lock */ = {
			isa = PBXShellScriptBuildPhase;
			buildActionMask = 2147483647;
			files = (
			);
			inputFileListPaths = (
			);
			inputPaths = (
				"${PODS_PODFILE_DIR_PATH}/Podfile.lock",
				"${PODS_ROOT}/Manifest.lock",
			);
			name = "[CP] Check Pods Manifest.lock";
			outputFileListPaths = (
			);
			outputPaths = (
				"$(DERIVED_FILE_DIR)/Pods-Rx-CollectionView-checkManifestLockResult.txt",
			);
			runOnlyForDeploymentPostprocessing = 0;
			shellPath = /bin/sh;
			shellScript = "diff \"${PODS_PODFILE_DIR_PATH}/Podfile.lock\" \"${PODS_ROOT}/Manifest.lock\" > /dev/null\nif [ $? != 0 ] ; then\n    # print error to STDERR\n    echo \"error: The sandbox is not in sync with the Podfile.lock. Run 'pod install' or update your CocoaPods installation.\" >&2\n    exit 1\nfi\n# This output is used by Xcode 'outputs' to avoid re-running this script phase.\necho \"SUCCESS\" > \"${SCRIPT_OUTPUT_FILE_0}\"\n";
			showEnvVarsInLog = 0;
		};
		A827C3764F66AFDED491E6CC /* [CP] Embed Pods Frameworks */ = {
			isa = PBXShellScriptBuildPhase;
			buildActionMask = 2147483647;
			files = (
			);
			inputFileListPaths = (
				"${PODS_ROOT}/Target Support Files/Pods-Rx-CollectionView/Pods-Rx-CollectionView-frameworks-${CONFIGURATION}-input-files.xcfilelist",
			);
			name = "[CP] Embed Pods Frameworks";
			outputFileListPaths = (
				"${PODS_ROOT}/Target Support Files/Pods-Rx-CollectionView/Pods-Rx-CollectionView-frameworks-${CONFIGURATION}-output-files.xcfilelist",
			);
			runOnlyForDeploymentPostprocessing = 0;
			shellPath = /bin/sh;
			shellScript = "\"${PODS_ROOT}/Target Support Files/Pods-Rx-CollectionView/Pods-Rx-CollectionView-frameworks.sh\"\n";
			showEnvVarsInLog = 0;
		};
/* End PBXShellScriptBuildPhase section */

/* Begin PBXSourcesBuildPhase section */
		2B15DCBC274E000B00CDB4A0 /* Sources */ = {
			isa = PBXSourcesBuildPhase;
			buildActionMask = 2147483647;
			files = (
				2B15DCC4274E000B00CDB4A0 /* AppDelegate.swift in Sources */,
				2B15DCE2274EAD8F00CDB4A0 /* PresentVC.swift in Sources */,
				2B15DCE0274E066000CDB4A0 /* MainCVC.swift in Sources */,
				2B15DCDD274E017A00CDB4A0 /* MainVC.swift in Sources */,
				2B15DCC6274E000B00CDB4A0 /* SceneDelegate.swift in Sources */,
			);
			runOnlyForDeploymentPostprocessing = 0;
		};
/* End PBXSourcesBuildPhase section */

/* Begin PBXVariantGroup section */
		2B15DCC9274E000B00CDB4A0 /* Main.storyboard */ = {
			isa = PBXVariantGroup;
			children = (
				2B15DCCA274E000B00CDB4A0 /* Base */,
			);
			name = Main.storyboard;
			sourceTree = "<group>";
		};
		2B15DCCE274E000C00CDB4A0 /* LaunchScreen.storyboard */ = {
			isa = PBXVariantGroup;
			children = (
				2B15DCCF274E000C00CDB4A0 /* Base */,
			);
			name = LaunchScreen.storyboard;
			sourceTree = "<group>";
		};
/* End PBXVariantGroup section */

/* Begin XCBuildConfiguration section */
		2B15DCD2274E000C00CDB4A0 /* Debug */ = {
			isa = XCBuildConfiguration;
			buildSettings = {
				ALWAYS_SEARCH_USER_PATHS = NO;
				CLANG_ANALYZER_NONNULL = YES;
				CLANG_ANALYZER_NUMBER_OBJECT_CONVERSION = YES_AGGRESSIVE;
				CLANG_CXX_LANGUAGE_STANDARD = "gnu++17";
				CLANG_CXX_LIBRARY = "libc++";
				CLANG_ENABLE_MODULES = YES;
				CLANG_ENABLE_OBJC_ARC = YES;
				CLANG_ENABLE_OBJC_WEAK = YES;
				CLANG_WARN_BLOCK_CAPTURE_AUTORELEASING = YES;
				CLANG_WARN_BOOL_CONVERSION = YES;
				CLANG_WARN_COMMA = YES;
				CLANG_WARN_CONSTANT_CONVERSION = YES;
				CLANG_WARN_DEPRECATED_OBJC_IMPLEMENTATIONS = YES;
				CLANG_WARN_DIRECT_OBJC_ISA_USAGE = YES_ERROR;
				CLANG_WARN_DOCUMENTATION_COMMENTS = YES;
				CLANG_WARN_EMPTY_BODY = YES;
				CLANG_WARN_ENUM_CONVERSION = YES;
				CLANG_WARN_INFINITE_RECURSION = YES;
				CLANG_WARN_INT_CONVERSION = YES;
				CLANG_WARN_NON_LITERAL_NULL_CONVERSION = YES;
				CLANG_WARN_OBJC_IMPLICIT_RETAIN_SELF = YES;
				CLANG_WARN_OBJC_LITERAL_CONVERSION = YES;
				CLANG_WARN_OBJC_ROOT_CLASS = YES_ERROR;
				CLANG_WARN_QUOTED_INCLUDE_IN_FRAMEWORK_HEADER = YES;
				CLANG_WARN_RANGE_LOOP_ANALYSIS = YES;
				CLANG_WARN_STRICT_PROTOTYPES = YES;
				CLANG_WARN_SUSPICIOUS_MOVE = YES;
				CLANG_WARN_UNGUARDED_AVAILABILITY = YES_AGGRESSIVE;
				CLANG_WARN_UNREACHABLE_CODE = YES;
				CLANG_WARN__DUPLICATE_METHOD_MATCH = YES;
				COPY_PHASE_STRIP = NO;
				DEBUG_INFORMATION_FORMAT = dwarf;
				ENABLE_STRICT_OBJC_MSGSEND = YES;
				ENABLE_TESTABILITY = YES;
				GCC_C_LANGUAGE_STANDARD = gnu11;
				GCC_DYNAMIC_NO_PIC = NO;
				GCC_NO_COMMON_BLOCKS = YES;
				GCC_OPTIMIZATION_LEVEL = 0;
				GCC_PREPROCESSOR_DEFINITIONS = (
					"DEBUG=1",
					"$(inherited)",
				);
				GCC_WARN_64_TO_32_BIT_CONVERSION = YES;
				GCC_WARN_ABOUT_RETURN_TYPE = YES_ERROR;
				GCC_WARN_UNDECLARED_SELECTOR = YES;
				GCC_WARN_UNINITIALIZED_AUTOS = YES_AGGRESSIVE;
				GCC_WARN_UNUSED_FUNCTION = YES;
				GCC_WARN_UNUSED_VARIABLE = YES;
				IPHONEOS_DEPLOYMENT_TARGET = 15.0;
				MTL_ENABLE_DEBUG_INFO = INCLUDE_SOURCE;
				MTL_FAST_MATH = YES;
				ONLY_ACTIVE_ARCH = YES;
				SDKROOT = iphoneos;
				SWIFT_ACTIVE_COMPILATION_CONDITIONS = DEBUG;
				SWIFT_OPTIMIZATION_LEVEL = "-Onone";
			};
			name = Debug;
		};
		2B15DCD3274E000C00CDB4A0 /* Release */ = {
			isa = XCBuildConfiguration;
			buildSettings = {
				ALWAYS_SEARCH_USER_PATHS = NO;
				CLANG_ANALYZER_NONNULL = YES;
				CLANG_ANALYZER_NUMBER_OBJECT_CONVERSION = YES_AGGRESSIVE;
				CLANG_CXX_LANGUAGE_STANDARD = "gnu++17";
				CLANG_CXX_LIBRARY = "libc++";
				CLANG_ENABLE_MODULES = YES;
				CLANG_ENABLE_OBJC_ARC = YES;
				CLANG_ENABLE_OBJC_WEAK = YES;
				CLANG_WARN_BLOCK_CAPTURE_AUTORELEASING = YES;
				CLANG_WARN_BOOL_CONVERSION = YES;
				CLANG_WARN_COMMA = YES;
				CLANG_WARN_CONSTANT_CONVERSION = YES;
				CLANG_WARN_DEPRECATED_OBJC_IMPLEMENTATIONS = YES;
				CLANG_WARN_DIRECT_OBJC_ISA_USAGE = YES_ERROR;
				CLANG_WARN_DOCUMENTATION_COMMENTS = YES;
				CLANG_WARN_EMPTY_BODY = YES;
				CLANG_WARN_ENUM_CONVERSION = YES;
				CLANG_WARN_INFINITE_RECURSION = YES;
				CLANG_WARN_INT_CONVERSION = YES;
				CLANG_WARN_NON_LITERAL_NULL_CONVERSION = YES;
				CLANG_WARN_OBJC_IMPLICIT_RETAIN_SELF = YES;
				CLANG_WARN_OBJC_LITERAL_CONVERSION = YES;
				CLANG_WARN_OBJC_ROOT_CLASS = YES_ERROR;
				CLANG_WARN_QUOTED_INCLUDE_IN_FRAMEWORK_HEADER = YES;
				CLANG_WARN_RANGE_LOOP_ANALYSIS = YES;
				CLANG_WARN_STRICT_PROTOTYPES = YES;
				CLANG_WARN_SUSPICIOUS_MOVE = YES;
				CLANG_WARN_UNGUARDED_AVAILABILITY = YES_AGGRESSIVE;
				CLANG_WARN_UNREACHABLE_CODE = YES;
				CLANG_WARN__DUPLICATE_METHOD_MATCH = YES;
				COPY_PHASE_STRIP = NO;
				DEBUG_INFORMATION_FORMAT = "dwarf-with-dsym";
				ENABLE_NS_ASSERTIONS = NO;
				ENABLE_STRICT_OBJC_MSGSEND = YES;
				GCC_C_LANGUAGE_STANDARD = gnu11;
				GCC_NO_COMMON_BLOCKS = YES;
				GCC_WARN_64_TO_32_BIT_CONVERSION = YES;
				GCC_WARN_ABOUT_RETURN_TYPE = YES_ERROR;
				GCC_WARN_UNDECLARED_SELECTOR = YES;
				GCC_WARN_UNINITIALIZED_AUTOS = YES_AGGRESSIVE;
				GCC_WARN_UNUSED_FUNCTION = YES;
				GCC_WARN_UNUSED_VARIABLE = YES;
				IPHONEOS_DEPLOYMENT_TARGET = 15.0;
				MTL_ENABLE_DEBUG_INFO = NO;
				MTL_FAST_MATH = YES;
				SDKROOT = iphoneos;
				SWIFT_COMPILATION_MODE = wholemodule;
				SWIFT_OPTIMIZATION_LEVEL = "-O";
				VALIDATE_PRODUCT = YES;
			};
			name = Release;
		};
		2B15DCD5274E000C00CDB4A0 /* Debug */ = {
			isa = XCBuildConfiguration;
			baseConfigurationReference = B092F21493E050CF638D4DF3 /* Pods-Rx-CollectionView.debug.xcconfig */;
			buildSettings = {
				ASSETCATALOG_COMPILER_APPICON_NAME = AppIcon;
				ASSETCATALOG_COMPILER_GLOBAL_ACCENT_COLOR_NAME = AccentColor;
				CODE_SIGN_STYLE = Automatic;
				CURRENT_PROJECT_VERSION = 1;
				DEVELOPMENT_TEAM = 4QG3GC35LA;
				GENERATE_INFOPLIST_FILE = YES;
				INFOPLIST_FILE = "Rx-CollectionView/Resource/Info.plist";
				INFOPLIST_KEY_UIApplicationSupportsIndirectInputEvents = YES;
				INFOPLIST_KEY_UILaunchStoryboardName = LaunchScreen;
				INFOPLIST_KEY_UIMainStoryboardFile = Main;
				INFOPLIST_KEY_UISupportedInterfaceOrientations_iPad = "UIInterfaceOrientationPortrait UIInterfaceOrientationPortraitUpsideDown UIInterfaceOrientationLandscapeLeft UIInterfaceOrientationLandscapeRight";
				INFOPLIST_KEY_UISupportedInterfaceOrientations_iPhone = "UIInterfaceOrientationPortrait UIInterfaceOrientationLandscapeLeft UIInterfaceOrientationLandscapeRight";
				LD_RUNPATH_SEARCH_PATHS = (
					"$(inherited)",
					"@executable_path/Frameworks",
				);
				MARKETING_VERSION = 1.0;
				PRODUCT_BUNDLE_IDENTIFIER = "subin.Rx-CollectionView";
				PRODUCT_NAME = "$(TARGET_NAME)";
				SWIFT_EMIT_LOC_STRINGS = YES;
				SWIFT_VERSION = 5.0;
				TARGETED_DEVICE_FAMILY = "1,2";
			};
			name = Debug;
		};
		2B15DCD6274E000C00CDB4A0 /* Release */ = {
			isa = XCBuildConfiguration;
			baseConfigurationReference = 7C679ADFAE3A61B3977135E0 /* Pods-Rx-CollectionView.release.xcconfig */;
			buildSettings = {
				ASSETCATALOG_COMPILER_APPICON_NAME = AppIcon;
				ASSETCATALOG_COMPILER_GLOBAL_ACCENT_COLOR_NAME = AccentColor;
				CODE_SIGN_STYLE = Automatic;
				CURRENT_PROJECT_VERSION = 1;
				DEVELOPMENT_TEAM = 4QG3GC35LA;
				GENERATE_INFOPLIST_FILE = YES;
				INFOPLIST_FILE = "Rx-CollectionView/Resource/Info.plist";
				INFOPLIST_KEY_UIApplicationSupportsIndirectInputEvents = YES;
				INFOPLIST_KEY_UILaunchStoryboardName = LaunchScreen;
				INFOPLIST_KEY_UIMainStoryboardFile = Main;
				INFOPLIST_KEY_UISupportedInterfaceOrientations_iPad = "UIInterfaceOrientationPortrait UIInterfaceOrientationPortraitUpsideDown UIInterfaceOrientationLandscapeLeft UIInterfaceOrientationLandscapeRight";
				INFOPLIST_KEY_UISupportedInterfaceOrientations_iPhone = "UIInterfaceOrientationPortrait UIInterfaceOrientationLandscapeLeft UIInterfaceOrientationLandscapeRight";
				LD_RUNPATH_SEARCH_PATHS = (
					"$(inherited)",
					"@executable_path/Frameworks",
				);
				MARKETING_VERSION = 1.0;
				PRODUCT_BUNDLE_IDENTIFIER = "subin.Rx-CollectionView";
				PRODUCT_NAME = "$(TARGET_NAME)";
				SWIFT_EMIT_LOC_STRINGS = YES;
				SWIFT_VERSION = 5.0;
				TARGETED_DEVICE_FAMILY = "1,2";
			};
			name = Release;
		};
/* End XCBuildConfiguration section */

/* Begin XCConfigurationList section */
		2B15DCBB274E000B00CDB4A0 /* Build configuration list for PBXProject "Rx-CollectionView" */ = {
			isa = XCConfigurationList;
			buildConfigurations = (
				2B15DCD2274E000C00CDB4A0 /* Debug */,
				2B15DCD3274E000C00CDB4A0 /* Release */,
			);
			defaultConfigurationIsVisible = 0;
			defaultConfigurationName = Release;
		};
		2B15DCD4274E000C00CDB4A0 /* Build configuration list for PBXNativeTarget "Rx-CollectionView" */ = {
			isa = XCConfigurationList;
			buildConfigurations = (
				2B15DCD5274E000C00CDB4A0 /* Debug */,
				2B15DCD6274E000C00CDB4A0 /* Release */,
			);
			defaultConfigurationIsVisible = 0;
			defaultConfigurationName = Release;
		};
/* End XCConfigurationList section */
	};
	rootObject = 2B15DCB8274E000B00CDB4A0 /* Project object */;
}
